
Microsoft Visual Studio Solution File, Format Version 12.00
# Visual Studio Version 17
VisualStudioVersion = 17.1.32319.34
MinimumVisualStudioVersion = 10.0.40219.1
Project("{FAE04EC0-301F-11D3-BF4B-00C04F79EFBC}") = "Lesson9_1", "Lesson9_1\Lesson9_1.csproj", "{4AE285CE-3E00-49E4-A509-62519EC0E2CD}"
EndProject
Project("{FAE04EC0-301F-11D3-BF4B-00C04F79EFBC}") = "Lesson9_2", "Lesson9_2\Lesson9_2.csproj", "{EF20619D-48B8-4D43-8FD5-24B46A61ECBE}"
EndProject
Project("{FAE04EC0-301F-11D3-BF4B-00C04F79EFBC}") = "Lesson9_3", "Lesson9_3\Lesson9_3.csproj", "{F85F317D-0986-400B-8B35-36813469F95E}"
EndProject
Project("{FAE04EC0-301F-11D3-BF4B-00C04F79EFBC}") = "Lesson9_4", "Lesson9_4\Lesson9_4.csproj", "{903A3C27-C178-42B4-AF70-76273219318D}"
EndProject
Project("{FAE04EC0-301F-11D3-BF4B-00C04F79EFBC}") = "Lesson9_5", "Lesson9_5\Lesson9_5.csproj", "{2E7D3F03-63D3-4B34-9D8C-A8879EEAE790}"
EndProject
Project("{FAE04EC0-301F-11D3-BF4B-00C04F79EFBC}") = "Lesson9_6", "Lesson9_6\Lesson9_6.csproj", "{DA9448AE-43E9-42E7-B9A1-4489532E430C}"
EndProject
Project("{FAE04EC0-301F-11D3-BF4B-00C04F79EFBC}") = "Lesson9_7", "Lesson9_7\Lesson9_7.csproj", "{18ACA14C-BDE0-44C9-9A23-60C28E0122BC}"
EndProject
Project("{FAE04EC0-301F-11D3-BF4B-00C04F79EFBC}") = "Lesson9_8", "Lesson9_8\Lesson9_8.csproj", "{90F6F7D9-AB04-4E95-91CB-547DBAEA0124}"
EndProject
Global
	GlobalSection(SolutionConfigurationPlatforms) = preSolution
		Debug|Any CPU = Debug|Any CPU
		Release|Any CPU = Release|Any CPU
	EndGlobalSection
	GlobalSection(ProjectConfigurationPlatforms) = postSolution
		{4AE285CE-3E00-49E4-A509-62519EC0E2CD}.Debug|Any CPU.ActiveCfg = Debug|Any CPU
		{4AE285CE-3E00-49E4-A509-62519EC0E2CD}.Debug|Any CPU.Build.0 = Debug|Any CPU
		{4AE285CE-3E00-49E4-A509-62519EC0E2CD}.Release|Any CPU.ActiveCfg = Release|Any CPU
		{4AE285CE-3E00-49E4-A509-62519EC0E2CD}.Release|Any CPU.Build.0 = Release|Any CPU
		{EF20619D-48B8-4D43-8FD5-24B46A61ECBE}.Debug|Any CPU.ActiveCfg = Debug|Any CPU
		{EF20619D-48B8-4D43-8FD5-24B46A61ECBE}.Debug|Any CPU.Build.0 = Debug|Any CPU
		{EF20619D-48B8-4D43-8FD5-24B46A61ECBE}.Release|Any CPU.ActiveCfg = Release|Any CPU
		{EF20619D-48B8-4D43-8FD5-24B46A61ECBE}.Release|Any CPU.Build.0 = Release|Any CPU
		{F85F317D-0986-400B-8B35-36813469F95E}.Debug|Any CPU.ActiveCfg = Debug|Any CPU
		{F85F317D-0986-400B-8B35-36813469F95E}.Debug|Any CPU.Build.0 = Debug|Any CPU
		{F85F317D-0986-400B-8B35-36813469F95E}.Release|Any CPU.ActiveCfg = Release|Any CPU
		{F85F317D-0986-400B-8B35-36813469F95E}.Release|Any CPU.Build.0 = Release|Any CPU
		{903A3C27-C178-42B4-AF70-76273219318D}.Debug|Any CPU.ActiveCfg = Debug|Any CPU
		{903A3C27-C178-42B4-AF70-76273219318D}.Debug|Any CPU.Build.0 = Debug|Any CPU
		{903A3C27-C178-42B4-AF70-76273219318D}.Release|Any CPU.ActiveCfg = Release|Any CPU
		{903A3C27-C178-42B4-AF70-76273219318D}.Release|Any CPU.Build.0 = Release|Any CPU
		{2E7D3F03-63D3-4B34-9D8C-A8879EEAE790}.Debug|Any CPU.ActiveCfg = Debug|Any CPU
		{2E7D3F03-63D3-4B34-9D8C-A8879EEAE790}.Debug|Any CPU.Build.0 = Debug|Any CPU
		{2E7D3F03-63D3-4B34-9D8C-A8879EEAE790}.Release|Any CPU.ActiveCfg = Release|Any CPU
		{2E7D3F03-63D3-4B34-9D8C-A8879EEAE790}.Release|Any CPU.Build.0 = Release|Any CPU
		{DA9448AE-43E9-42E7-B9A1-4489532E430C}.Debug|Any CPU.ActiveCfg = Debug|Any CPU
		{DA9448AE-43E9-42E7-B9A1-4489532E430C}.Debug|Any CPU.Build.0 = Debug|Any CPU
		{DA9448AE-43E9-42E7-B9A1-4489532E430C}.Release|Any CPU.ActiveCfg = Release|Any CPU
		{DA9448AE-43E9-42E7-B9A1-4489532E430C}.Release|Any CPU.Build.0 = Release|Any CPU
		{18ACA14C-BDE0-44C9-9A23-60C28E0122BC}.Debug|Any CPU.ActiveCfg = Debug|Any CPU
		{18ACA14C-BDE0-44C9-9A23-60C28E0122BC}.Debug|Any CPU.Build.0 = Debug|Any CPU
		{18ACA14C-BDE0-44C9-9A23-60C28E0122BC}.Release|Any CPU.ActiveCfg = Release|Any CPU
		{18ACA14C-BDE0-44C9-9A23-60C28E0122BC}.Release|Any CPU.Build.0 = Release|Any CPU
		{90F6F7D9-AB04-4E95-91CB-547DBAEA0124}.Debug|Any CPU.ActiveCfg = Debug|Any CPU
		{90F6F7D9-AB04-4E95-91CB-547DBAEA0124}.Debug|Any CPU.Build.0 = Debug|Any CPU
		{90F6F7D9-AB04-4E95-91CB-547DBAEA0124}.Release|Any CPU.ActiveCfg = Release|Any CPU
		{90F6F7D9-AB04-4E95-91CB-547DBAEA0124}.Release|Any CPU.Build.0 = Release|Any CPU
	EndGlobalSection
	GlobalSection(SolutionProperties) = preSolution
		HideSolutionNode = FALSE
	EndGlobalSection
	GlobalSection(ExtensibilityGlobals) = postSolution
		SolutionGuid = {D6A8D98B-CECB-41BE-A6C7-841FE6E9F458}
	EndGlobalSection
EndGlobal
